// !$*UTF8*$!
{
	archiveVersion = 1;
	classes = {
	};
	objectVersion = 46;
	objects = {

/* Begin PBXBuildFile section */
		79E3C02A1909D13C00E7869E /* Foundation.framework in Frameworks */ = {isa = PBXBuildFile; fileRef = 79E3C0291909D13C00E7869E /* Foundation.framework */; };
		79E3C02C1909D13C00E7869E /* CoreGraphics.framework in Frameworks */ = {isa = PBXBuildFile; fileRef = 79E3C02B1909D13C00E7869E /* CoreGraphics.framework */; };
		79E3C02E1909D13C00E7869E /* UIKit.framework in Frameworks */ = {isa = PBXBuildFile; fileRef = 79E3C02D1909D13C00E7869E /* UIKit.framework */; };
		79E3C0341909D13C00E7869E /* InfoPlist.strings in Resources */ = {isa = PBXBuildFile; fileRef = 79E3C0321909D13C00E7869E /* InfoPlist.strings */; };
		79E3C0361909D13C00E7869E /* main.m in Sources */ = {isa = PBXBuildFile; fileRef = 79E3C0351909D13C00E7869E /* main.m */; };
		79E3C03A1909D13C00E7869E /* GNAppDelegate.m in Sources */ = {isa = PBXBuildFile; fileRef = 79E3C0391909D13C00E7869E /* GNAppDelegate.m */; };
		79E3C03D1909D13C00E7869E /* Main.storyboard in Resources */ = {isa = PBXBuildFile; fileRef = 79E3C03B1909D13C00E7869E /* Main.storyboard */; };
		79E3C0401909D13C00E7869E /* GNViewController.m in Sources */ = {isa = PBXBuildFile; fileRef = 79E3C03F1909D13C00E7869E /* GNViewController.m */; };
		79E3C0421909D13C00E7869E /* Images.xcassets in Resources */ = {isa = PBXBuildFile; fileRef = 79E3C0411909D13C00E7869E /* Images.xcassets */; };
		79E3C0491909D13C00E7869E /* XCTest.framework in Frameworks */ = {isa = PBXBuildFile; fileRef = 79E3C0481909D13C00E7869E /* XCTest.framework */; };
		79E3C04A1909D13C00E7869E /* Foundation.framework in Frameworks */ = {isa = PBXBuildFile; fileRef = 79E3C0291909D13C00E7869E /* Foundation.framework */; };
		79E3C04B1909D13C00E7869E /* UIKit.framework in Frameworks */ = {isa = PBXBuildFile; fileRef = 79E3C02D1909D13C00E7869E /* UIKit.framework */; };
		79E3C0531909D13C00E7869E /* InfoPlist.strings in Resources */ = {isa = PBXBuildFile; fileRef = 79E3C0511909D13C00E7869E /* InfoPlist.strings */; };
		79E3C0551909D13C00E7869E /* Git_TestTests.m in Sources */ = {isa = PBXBuildFile; fileRef = 79E3C0541909D13C00E7869E /* Git_TestTests.m */; };
		79E3C0601909D39400E7869E /* GNTest.m in Sources */ = {isa = PBXBuildFile; fileRef = 79E3C05F1909D39300E7869E /* GNTest.m */; };
/* End PBXBuildFile section */

/* Begin PBXContainerItemProxy section */
		79E3C04C1909D13C00E7869E /* PBXContainerItemProxy */ = {
			isa = PBXContainerItemProxy;
			containerPortal = 79E3C01E1909D13C00E7869E /* Project object */;
			proxyType = 1;
			remoteGlobalIDString = 79E3C0251909D13C00E7869E;
			remoteInfo = "Git Test";
		};
/* End PBXContainerItemProxy section */

/* Begin PBXFileReference section */
		79E3C0261909D13C00E7869E /* Git Test.app */ = {isa = PBXFileReference; explicitFileType = wrapper.application; includeInIndex = 0; path = "Git Test.app"; sourceTree = BUILT_PRODUCTS_DIR; };
		79E3C0291909D13C00E7869E /* Foundation.framework */ = {isa = PBXFileReference; lastKnownFileType = wrapper.framework; name = Foundation.framework; path = System/Library/Frameworks/Foundation.framework; sourceTree = SDKROOT; };
		79E3C02B1909D13C00E7869E /* CoreGraphics.framework */ = {isa = PBXFileReference; lastKnownFileType = wrapper.framework; name = CoreGraphics.framework; path = System/Library/Frameworks/CoreGraphics.framework; sourceTree = SDKROOT; };
		79E3C02D1909D13C00E7869E /* UIKit.framework */ = {isa = PBXFileReference; lastKnownFileType = wrapper.framework; name = UIKit.framework; path = System/Library/Frameworks/UIKit.framework; sourceTree = SDKROOT; };
		79E3C0311909D13C00E7869E /* Git Test-Info.plist */ = {isa = PBXFileReference; lastKnownFileType = text.plist.xml; path = "Git Test-Info.plist"; sourceTree = "<group>"; };
		79E3C0331909D13C00E7869E /* en */ = {isa = PBXFileReference; lastKnownFileType = text.plist.strings; name = en; path = en.lproj/InfoPlist.strings; sourceTree = "<group>"; };
		79E3C0351909D13C00E7869E /* main.m */ = {isa = PBXFileReference; lastKnownFileType = sourcecode.c.objc; path = main.m; sourceTree = "<group>"; };
		79E3C0371909D13C00E7869E /* Git Test-Prefix.pch */ = {isa = PBXFileReference; lastKnownFileType = sourcecode.c.h; path = "Git Test-Prefix.pch"; sourceTree = "<group>"; };
		79E3C0381909D13C00E7869E /* GNAppDelegate.h */ = {isa = PBXFileReference; lastKnownFileType = sourcecode.c.h; path = GNAppDelegate.h; sourceTree = "<group>"; };
		79E3C0391909D13C00E7869E /* GNAppDelegate.m */ = {isa = PBXFileReference; lastKnownFileType = sourcecode.c.objc; path = GNAppDelegate.m; sourceTree = "<group>"; };
		79E3C03C1909D13C00E7869E /* Base */ = {isa = PBXFileReference; lastKnownFileType = file.storyboard; name = Base; path = Base.lproj/Main.storyboard; sourceTree = "<group>"; };
		79E3C03E1909D13C00E7869E /* GNViewController.h */ = {isa = PBXFileReference; lastKnownFileType = sourcecode.c.h; path = GNViewController.h; sourceTree = "<group>"; };
		79E3C03F1909D13C00E7869E /* GNViewController.m */ = {isa = PBXFileReference; lastKnownFileType = sourcecode.c.objc; path = GNViewController.m; sourceTree = "<group>"; };
		79E3C0411909D13C00E7869E /* Images.xcassets */ = {isa = PBXFileReference; lastKnownFileType = folder.assetcatalog; path = Images.xcassets; sourceTree = "<group>"; };
		79E3C0471909D13C00E7869E /* Git TestTests.xctest */ = {isa = PBXFileReference; explicitFileType = wrapper.cfbundle; includeInIndex = 0; path = "Git TestTests.xctest"; sourceTree = BUILT_PRODUCTS_DIR; };
		79E3C0481909D13C00E7869E /* XCTest.framework */ = {isa = PBXFileReference; lastKnownFileType = wrapper.framework; name = XCTest.framework; path = Library/Frameworks/XCTest.framework; sourceTree = DEVELOPER_DIR; };
		79E3C0501909D13C00E7869E /* Git TestTests-Info.plist */ = {isa = PBXFileReference; lastKnownFileType = text.plist.xml; path = "Git TestTests-Info.plist"; sourceTree = "<group>"; };
		79E3C0521909D13C00E7869E /* en */ = {isa = PBXFileReference; lastKnownFileType = text.plist.strings; name = en; path = en.lproj/InfoPlist.strings; sourceTree = "<group>"; };
		79E3C0541909D13C00E7869E /* Git_TestTests.m */ = {isa = PBXFileReference; lastKnownFileType = sourcecode.c.objc; path = Git_TestTests.m; sourceTree = "<group>"; };
		79E3C05E1909D39300E7869E /* GNTest.h */ = {isa = PBXFileReference; fileEncoding = 4; lastKnownFileType = sourcecode.c.h; name = GNTest.h; path = ../GNTest.h; sourceTree = "<group>"; };
		79E3C05F1909D39300E7869E /* GNTest.m */ = {isa = PBXFileReference; fileEncoding = 4; lastKnownFileType = sourcecode.c.objc; name = GNTest.m; path = ../GNTest.m; sourceTree = "<group>"; };
/* End PBXFileReference section */

/* Begin PBXFrameworksBuildPhase section */
		79E3C0231909D13C00E7869E /* Frameworks */ = {
			isa = PBXFrameworksBuildPhase;
			buildActionMask = 2147483647;
			files = (
				79E3C02C1909D13C00E7869E /* CoreGraphics.framework in Frameworks */,
				79E3C02E1909D13C00E7869E /* UIKit.framework in Frameworks */,
				79E3C02A1909D13C00E7869E /* Foundation.framework in Frameworks */,
			);
			runOnlyForDeploymentPostprocessing = 0;
		};
		79E3C0441909D13C00E7869E /* Frameworks */ = {
			isa = PBXFrameworksBuildPhase;
			buildActionMask = 2147483647;
			files = (
				79E3C0491909D13C00E7869E /* XCTest.framework in Frameworks */,
				79E3C04B1909D13C00E7869E /* UIKit.framework in Frameworks */,
				79E3C04A1909D13C00E7869E /* Foundation.framework in Frameworks */,
			);
			runOnlyForDeploymentPostprocessing = 0;
		};
/* End PBXFrameworksBuildPhase section */

/* Begin PBXGroup section */
		79E3C01D1909D13C00E7869E = {
			isa = PBXGroup;
			children = (
				79E3C02F1909D13C00E7869E /* Git Test */,
				79E3C04E1909D13C00E7869E /* Git TestTests */,
				79E3C0281909D13C00E7869E /* Frameworks */,
				79E3C0271909D13C00E7869E /* Products */,
			);
			sourceTree = "<group>";
		};
		79E3C0271909D13C00E7869E /* Products */ = {
			isa = PBXGroup;
			children = (
				79E3C0261909D13C00E7869E /* Git Test.app */,
				79E3C0471909D13C00E7869E /* Git TestTests.xctest */,
			);
			name = Products;
			sourceTree = "<group>";
		};
		79E3C0281909D13C00E7869E /* Frameworks */ = {
			isa = PBXGroup;
			children = (
				79E3C0291909D13C00E7869E /* Foundation.framework */,
				79E3C02B1909D13C00E7869E /* CoreGraphics.framework */,
				79E3C02D1909D13C00E7869E /* UIKit.framework */,
				79E3C0481909D13C00E7869E /* XCTest.framework */,
			);
			name = Frameworks;
			sourceTree = "<group>";
		};
		79E3C02F1909D13C00E7869E /* Git Test */ = {
			isa = PBXGroup;
			children = (
				79E3C0381909D13C00E7869E /* GNAppDelegate.h */,
				79E3C0391909D13C00E7869E /* GNAppDelegate.m */,
				79E3C03B1909D13C00E7869E /* Main.storyboard */,
				79E3C03E1909D13C00E7869E /* GNViewController.h */,
				79E3C03F1909D13C00E7869E /* GNViewController.m */,
				79E3C05E1909D39300E7869E /* GNTest.h */,
				79E3C05F1909D39300E7869E /* GNTest.m */,
				79E3C0411909D13C00E7869E /* Images.xcassets */,
				79E3C0301909D13C00E7869E /* Supporting Files */,
			);
			path = "Git Test";
			sourceTree = "<group>";
		};
		79E3C0301909D13C00E7869E /* Supporting Files */ = {
			isa = PBXGroup;
			children = (
				79E3C0311909D13C00E7869E /* Git Test-Info.plist */,
				79E3C0321909D13C00E7869E /* InfoPlist.strings */,
				79E3C0351909D13C00E7869E /* main.m */,
				79E3C0371909D13C00E7869E /* Git Test-Prefix.pch */,
			);
			name = "Supporting Files";
			sourceTree = "<group>";
		};
		79E3C04E1909D13C00E7869E /* Git TestTests */ = {
			isa = PBXGroup;
			children = (
				79E3C0541909D13C00E7869E /* Git_TestTests.m */,
				79E3C04F1909D13C00E7869E /* Supporting Files */,
			);
			path = "Git TestTests";
			sourceTree = "<group>";
		};
		79E3C04F1909D13C00E7869E /* Supporting Files */ = {
			isa = PBXGroup;
			children = (
				79E3C0501909D13C00E7869E /* Git TestTests-Info.plist */,
				79E3C0511909D13C00E7869E /* InfoPlist.strings */,
			);
			name = "Supporting Files";
			sourceTree = "<group>";
		};
/* End PBXGroup section */

/* Begin PBXNativeTarget section */
		79E3C0251909D13C00E7869E /* Git Test */ = {
			isa = PBXNativeTarget;
			buildConfigurationList = 79E3C0581909D13C00E7869E /* Build configuration list for PBXNativeTarget "Git Test" */;
			buildPhases = (
				79E3C0221909D13C00E7869E /* Sources */,
				79E3C0231909D13C00E7869E /* Frameworks */,
				79E3C0241909D13C00E7869E /* Resources */,
			);
			buildRules = (
			);
			dependencies = (
			);
			name = "Git Test";
			productName = "Git Test";
			productReference = 79E3C0261909D13C00E7869E /* Git Test.app */;
			productType = "com.apple.product-type.application";
		};
		79E3C0461909D13C00E7869E /* Git TestTests */ = {
			isa = PBXNativeTarget;
			buildConfigurationList = 79E3C05B1909D13C00E7869E /* Build configuration list for PBXNativeTarget "Git TestTests" */;
			buildPhases = (
				79E3C0431909D13C00E7869E /* Sources */,
				79E3C0441909D13C00E7869E /* Frameworks */,
				79E3C0451909D13C00E7869E /* Resources */,
			);
			buildRules = (
			);
			dependencies = (
				79E3C04D1909D13C00E7869E /* PBXTargetDependency */,
			);
			name = "Git TestTests";
			productName = "Git TestTests";
			productReference = 79E3C0471909D13C00E7869E /* Git TestTests.xctest */;
			productType = "com.apple.product-type.bundle.unit-test";
		};
/* End PBXNativeTarget section */

/* Begin PBXProject section */
		79E3C01E1909D13C00E7869E /* Project object */ = {
			isa = PBXProject;
			attributes = {
				CLASSPREFIX = GN;
				LastUpgradeCheck = 0510;
				ORGANIZATIONNAME = "Garrett Nothern";
				TargetAttributes = {
					79E3C0461909D13C00E7869E = {
						TestTargetID = 79E3C0251909D13C00E7869E;
					};
				};
			};
			buildConfigurationList = 79E3C0211909D13C00E7869E /* Build configuration list for PBXProject "Git Test" */;
			compatibilityVersion = "Xcode 3.2";
			developmentRegion = English;
			hasScannedForEncodings = 0;
			knownRegions = (
				en,
				Base,
			);
			mainGroup = 79E3C01D1909D13C00E7869E;
			productRefGroup = 79E3C0271909D13C00E7869E /* Products */;
			projectDirPath = "";
			projectRoot = "";
			targets = (
				79E3C0251909D13C00E7869E /* Git Test */,
				79E3C0461909D13C00E7869E /* Git TestTests */,
			);
		};
/* End PBXProject section */

/* Begin PBXResourcesBuildPhase section */
		79E3C0241909D13C00E7869E /* Resources */ = {
			isa = PBXResourcesBuildPhase;
			buildActionMask = 2147483647;
			files = (
				79E3C0421909D13C00E7869E /* Images.xcassets in Resources */,
				79E3C0341909D13C00E7869E /* InfoPlist.strings in Resources */,
				79E3C03D1909D13C00E7869E /* Main.storyboard in Resources */,
			);
			runOnlyForDeploymentPostprocessing = 0;
		};
		79E3C0451909D13C00E7869E /* Resources */ = {
			isa = PBXResourcesBuildPhase;
			buildActionMask = 2147483647;
			files = (
				79E3C0531909D13C00E7869E /* InfoPlist.strings in Resources */,
			);
			runOnlyForDeploymentPostprocessing = 0;
		};
/* End PBXResourcesBuildPhase section */

/* Begin PBXSourcesBuildPhase section */
		79E3C0221909D13C00E7869E /* Sources */ = {
			isa = PBXSourcesBuildPhase;
			buildActionMask = 2147483647;
			files = (
				79E3C0601909D39400E7869E /* GNTest.m in Sources */,
				79E3C0361909D13C00E7869E /* main.m in Sources */,
				79E3C0401909D13C00E7869E /* GNViewController.m in Sources */,
				79E3C03A1909D13C00E7869E /* GNAppDelegate.m in Sources */,
			);
			runOnlyForDeploymentPostprocessing = 0;
		};
		79E3C0431909D13C00E7869E /* Sources */ = {
			isa = PBXSourcesBuildPhase;
			buildActionMask = 2147483647;
			files = (
				79E3C0551909D13C00E7869E /* Git_TestTests.m in Sources */,
			);
			runOnlyForDeploymentPostprocessing = 0;
		};
/* End PBXSourcesBuildPhase section */

/* Begin PBXTargetDependency section */
		79E3C04D1909D13C00E7869E /* PBXTargetDependency */ = {
			isa = PBXTargetDependency;
			target = 79E3C0251909D13C00E7869E /* Git Test */;
			targetProxy = 79E3C04C1909D13C00E7869E /* PBXContainerItemProxy */;
		};
/* End PBXTargetDependency section */

/* Begin PBXVariantGroup section */
		79E3C0321909D13C00E7869E /* InfoPlist.strings */ = {
			isa = PBXVariantGroup;
			children = (
				79E3C0331909D13C00E7869E /* en */,
			);
			name = InfoPlist.strings;
			sourceTree = "<group>";
		};
		79E3C03B1909D13C00E7869E /* Main.storyboard */ = {
			isa = PBXVariantGroup;
			children = (
				79E3C03C1909D13C00E7869E /* Base */,
			);
			name = Main.storyboard;
			sourceTree = "<group>";
		};
		79E3C0511909D13C00E7869E /* InfoPlist.strings */ = {
			isa = PBXVariantGroup;
			children = (
				79E3C0521909D13C00E7869E /* en */,
			);
			name = InfoPlist.strings;
			sourceTree = "<group>";
		};
/* End PBXVariantGroup section */

/* Begin XCBuildConfiguration section */
		79E3C0561909D13C00E7869E /* Debug */ = {
			isa = XCBuildConfiguration;
			buildSettings = {
				ALWAYS_SEARCH_USER_PATHS = NO;
				CLANG_CXX_LANGUAGE_STANDARD = "gnu++0x";
				CLANG_CXX_LIBRARY = "libc++";
				CLANG_ENABLE_MODULES = YES;
				CLANG_ENABLE_OBJC_ARC = YES;
				CLANG_WARN_BOOL_CONVERSION = YES;
				CLANG_WARN_CONSTANT_CONVERSION = YES;
				CLANG_WARN_DIRECT_OBJC_ISA_USAGE = YES_ERROR;
				CLANG_WARN_EMPTY_BODY = YES;
				CLANG_WARN_ENUM_CONVERSION = YES;
				CLANG_WARN_INT_CONVERSION = YES;
				CLANG_WARN_OBJC_ROOT_CLASS = YES_ERROR;
				CLANG_WARN__DUPLICATE_METHOD_MATCH = YES;
				"CODE_SIGN_IDENTITY[sdk=iphoneos*]" = "iPhone Developer";
				COPY_PHASE_STRIP = NO;
				GCC_C_LANGUAGE_STANDARD = gnu99;
				GCC_DYNAMIC_NO_PIC = NO;
				GCC_OPTIMIZATION_LEVEL = 0;
				GCC_PREPROCESSOR_DEFINITIONS = (
					"DEBUG=1",
					"$(inherited)",
				);
				GCC_SYMBOLS_PRIVATE_EXTERN = NO;
				GCC_WARN_64_TO_32_BIT_CONVERSION = YES;
				GCC_WARN_ABOUT_RETURN_TYPE = YES_ERROR;
				GCC_WARN_UNDECLARED_SELECTOR = YES;
				GCC_WARN_UNINITIALIZED_AUTOS = YES_AGGRESSIVE;
				GCC_WARN_UNUSED_FUNCTION = YES;
				GCC_WARN_UNUSED_VARIABLE = YES;
				IPHONEOS_DEPLOYMENT_TARGET = 7.1;
				ONLY_ACTIVE_ARCH = YES;
				SDKROOT = iphoneos;
			};
			name = Debug;
		};
		79E3C0571909D13C00E7869E /* Release */ = {
			isa = XCBuildConfiguration;
			buildSettings = {
				ALWAYS_SEARCH_USER_PATHS = NO;
				CLANG_CXX_LANGUAGE_STANDARD = "gnu++0x";
				CLANG_CXX_LIBRARY = "libc++";
				CLANG_ENABLE_MODULES = YES;
				CLANG_ENABLE_OBJC_ARC = YES;
				CLANG_WARN_BOOL_CONVERSION = YES;
				CLANG_WARN_CONSTANT_CONVERSION = YES;
				CLANG_WARN_DIRECT_OBJC_ISA_USAGE = YES_ERROR;
				CLANG_WARN_EMPTY_BODY = YES;
				CLANG_WARN_ENUM_CONVERSION = YES;
				CLANG_WARN_INT_CONVERSION = YES;
				CLANG_WARN_OBJC_ROOT_CLASS = YES_ERROR;
				CLANG_WARN__DUPLICATE_METHOD_MATCH = YES;
				"CODE_SIGN_IDENTITY[sdk=iphoneos*]" = "iPhone Developer";
				COPY_PHASE_STRIP = YES;
				ENABLE_NS_ASSERTIONS = NO;
				GCC_C_LANGUAGE_STANDARD = gnu99;
				GCC_WARN_64_TO_32_BIT_CONVERSION = YES;
				GCC_WARN_ABOUT_RETURN_TYPE = YES_ERROR;
				GCC_WARN_UNDECLARED_SELECTOR = YES;
				GCC_WARN_UNINITIALIZED_AUTOS = YES_AGGRESSIVE;
				GCC_WARN_UNUSED_FUNCTION = YES;
				GCC_WARN_UNUSED_VARIABLE = YES;
				IPHONEOS_DEPLOYMENT_TARGET = 7.1;
				SDKROOT = iphoneos;
				VALIDATE_PRODUCT = YES;
			};
			name = Release;
		};
		79E3C0591909D13C00E7869E /* Debug */ = {
			isa = XCBuildConfiguration;
			buildSettings = {
				ASSETCATALOG_COMPILER_APPICON_NAME = AppIcon;
				ASSETCATALOG_COMPILER_LAUNCHIMAGE_NAME = LaunchImage;
				GCC_PRECOMPILE_PREFIX_HEADER = YES;
				GCC_PREFIX_HEADER = "Git Test/Git Test-Prefix.pch";
				INFOPLIST_FILE = "Git Test/Git Test-Info.plist";
				PRODUCT_NAME = "$(TARGET_NAME)";
				WRAPPER_EXTENSION = app;
			};
			name = Debug;
		};
		79E3C05A1909D13C00E7869E /* Release */ = {
			isa = XCBuildConfiguration;
			buildSettings = {
				ASSETCATALOG_COMPILER_APPICON_NAME = AppIcon;
				ASSETCATALOG_COMPILER_LAUNCHIMAGE_NAME = LaunchImage;
				GCC_PRECOMPILE_PREFIX_HEADER = YES;
				GCC_PREFIX_HEADER = "Git Test/Git Test-Prefix.pch";
				INFOPLIST_FILE = "Git Test/Git Test-Info.plist";
				PRODUCT_NAME = "$(TARGET_NAME)";
				WRAPPER_EXTENSION = app;
			};
			name = Release;
		};
		79E3C05C1909D13C00E7869E /* Debug */ = {
			isa = XCBuildConfiguration;
			buildSettings = {
				BUNDLE_LOADER = "$(BUILT_PRODUCTS_DIR)/Git Test.app/Git Test";
				FRAMEWORK_SEARCH_PATHS = (
					"$(SDKROOT)/Developer/Library/Frameworks",
					"$(inherited)",
					"$(DEVELOPER_FRAMEWORKS_DIR)",
				);
				GCC_PRECOMPILE_PREFIX_HEADER = YES;
				GCC_PREFIX_HEADER = "Git Test/Git Test-Prefix.pch";
				GCC_PREPROCESSOR_DEFINITIONS = (
					"DEBUG=1",
					"$(inherited)",
				);
				INFOPLIST_FILE = "Git TestTests/Git TestTests-Info.plist";
				PRODUCT_NAME = "$(TARGET_NAME)";
				TEST_HOST = "$(BUNDLE_LOADER)";
				WRAPPER_EXTENSION = xctest;
			};
			name = Debug;
		};
		79E3C05D1909D13C00E7869E /* Release */ = {
			isa = XCBuildConfiguration;
			buildSettings = {
				BUNDLE_LOADER = "$(BUILT_PRODUCTS_DIR)/Git Test.app/Git Test";
				FRAMEWORK_SEARCH_PATHS = (
					"$(SDKROOT)/Developer/Library/Frameworks",
					"$(inherited)",
					"$(DEVELOPER_FRAMEWORKS_DIR)",
				);
				GCC_PRECOMPILE_PREFIX_HEADER = YES;
				GCC_PREFIX_HEADER = "Git Test/Git Test-Prefix.pch";
				INFOPLIST_FILE = "Git TestTests/Git TestTests-Info.plist";
				PRODUCT_NAME = "$(TARGET_NAME)";
				TEST_HOST = "$(BUNDLE_LOADER)";
				WRAPPER_EXTENSION = xctest;
			};
			name = Release;
		};
/* End XCBuildConfiguration section */

/* Begin XCConfigurationList section */
		79E3C0211909D13C00E7869E /* Build configuration list for PBXProject "Git Test" */ = {
			isa = XCConfigurationList;
			buildConfigurations = (
				79E3C0561909D13C00E7869E /* Debug */,
				79E3C0571909D13C00E7869E /* Release */,
			);
			defaultConfigurationIsVisible = 0;
			defaultConfigurationName = Release;
		};
		79E3C0581909D13C00E7869E /* Build configuration list for PBXNativeTarget "Git Test" */ = {
			isa = XCConfigurationList;
			buildConfigurations = (
				79E3C0591909D13C00E7869E /* Debug */,
				79E3C05A1909D13C00E7869E /* Release */,
			);
			defaultConfigurationIsVisible = 0;
		};
		79E3C05B1909D13C00E7869E /* Build configuration list for PBXNativeTarget "Git TestTests" */ = {
			isa = XCConfigurationList;
			buildConfigurations = (
				79E3C05C1909D13C00E7869E /* Debug */,
				79E3C05D1909D13C00E7869E /* Release */,
			);
			defaultConfigurationIsVisible = 0;
		};
/* End XCConfigurationList section */
	};
	rootObject = 79E3C01E1909D13C00E7869E /* Project object */;
}
